
Microsoft Visual Studio Solution File, Format Version 12.00
# Visual Studio Version 16
VisualStudioVersion = 16.0.33529.622
MinimumVisualStudioVersion = 10.0.40219.1
Project("{FAE04EC0-301F-11D3-BF4B-00C04F79EFBC}") = "Terminal", "Terminal\Terminal.csproj", "{4547AFF2-847B-4633-8409-53C784BAAD76}"
EndProject
Global
	GlobalSection(SolutionConfigurationPlatforms) = preSolution
		Debug|Any CPU = Debug|Any CPU
		Release|Any CPU = Release|Any CPU
	EndGlobalSection
	GlobalSection(ProjectConfigurationPlatforms) = postSolution
		{4547AFF2-847B-4633-8409-53C784BAAD76}.Debug|Any CPU.ActiveCfg = Debug|Any CPU
		{4547AFF2-847B-4633-8409-53C784BAAD76}.Debug|Any CPU.Build.0 = Debug|Any CPU
		{4547AFF2-847B-4633-8409-53C784BAAD76}.Release|Any CPU.ActiveCfg = Release|Any CPU
		{4547AFF2-847B-4633-8409-53C784BAAD76}.Release|Any CPU.Build.0 = Release|Any CPU
	EndGlobalSection
	GlobalSection(SolutionProperties) = preSolution
		HideSolutionNode = FALSE
	EndGlobalSection
	GlobalSection(ExtensibilityGlobals) = postSolution
		SolutionGuid = {89C73476-E306-4C01-BA15-21D2DFE9A6B6}
	EndGlobalSection
EndGlobal
